
Microsoft Visual Studio Solution File, Format Version 11.00
# Visual Studio 2010
Project("{FAE04EC0-301F-11D3-BF4B-00C04F79EFBC}") = "CubeShooter (1)", "Assembly-CSharp.csproj", "{23C660A3-0566-FDE7-9F8F-9AA972398A37}"
EndProject
Project("{FAE04EC0-301F-11D3-BF4B-00C04F79EFBC}") = "CubeShooter (1)", "Assembly-CSharp-Editor.csproj", "{F9F1955B-6D04-4564-31FE-9E3064C559D3}"
EndProject
Global
	GlobalSection(SolutionConfigurationPlatforms) = preSolution
		Debug|Any CPU = Debug|Any CPU
		Release|Any CPU = Release|Any CPU
	EndGlobalSection
	GlobalSection(ProjectConfigurationPlatforms) = postSolution
		{23C660A3-0566-FDE7-9F8F-9AA972398A37}.Debug|Any CPU.ActiveCfg = Debug|Any CPU
		{23C660A3-0566-FDE7-9F8F-9AA972398A37}.Debug|Any CPU.Build.0 = Debug|Any CPU
		{23C660A3-0566-FDE7-9F8F-9AA972398A37}.Release|Any CPU.ActiveCfg = Release|Any CPU
		{23C660A3-0566-FDE7-9F8F-9AA972398A37}.Release|Any CPU.Build.0 = Release|Any CPU
		{F9F1955B-6D04-4564-31FE-9E3064C559D3}.Debug|Any CPU.ActiveCfg = Debug|Any CPU
		{F9F1955B-6D04-4564-31FE-9E3064C559D3}.Debug|Any CPU.Build.0 = Debug|Any CPU
		{F9F1955B-6D04-4564-31FE-9E3064C559D3}.Release|Any CPU.ActiveCfg = Release|Any CPU
		{F9F1955B-6D04-4564-31FE-9E3064C559D3}.Release|Any CPU.Build.0 = Release|Any CPU
	EndGlobalSection
	GlobalSection(SolutionProperties) = preSolution
		HideSolutionNode = FALSE
	EndGlobalSection
	GlobalSection(MonoDevelopProperties) = preSolution
		StartupItem = Assembly-CSharp.csproj
	EndGlobalSection
EndGlobal
